// !$*UTF8*$!
{
	archiveVersion = 1;
	classes = {
	};
	objectVersion = 46;
	objects = {

/* Begin PBXBuildFile section */
		520B155B17C64C5100584B39 /* main.c in Sources */ = {isa = PBXBuildFile; fileRef = 520B155A17C64C5100584B39 /* main.c */; };
		520B155D17C64C5100584B39 /* cl.1 in CopyFiles */ = {isa = PBXBuildFile; fileRef = 520B155C17C64C5100584B39 /* cl.1 */; };
/* End PBXBuildFile section */

/* Begin PBXCopyFilesBuildPhase section */
		520B155517C64C5100584B39 /* CopyFiles */ = {
			isa = PBXCopyFilesBuildPhase;
			buildActionMask = 2147483647;
			dstPath = /usr/share/man/man1/;
			dstSubfolderSpec = 0;
			files = (
				520B155D17C64C5100584B39 /* cl.1 in CopyFiles */,
			);
			runOnlyForDeploymentPostprocessing = 1;
		};
/* End PBXCopyFilesBuildPhase section */

/* Begin PBXFileReference section */
		520B155717C64C5100584B39 /* cl */ = {isa = PBXFileReference; explicitFileType = "compiled.mach-o.executable"; includeInIndex = 0; path = cl; sourceTree = BUILT_PRODUCTS_DIR; };
		520B155A17C64C5100584B39 /* main.c */ = {isa = PBXFileReference; lastKnownFileType = sourcecode.c.c; path = main.c; sourceTree = "<group>"; };
		520B155C17C64C5100584B39 /* cl.1 */ = {isa = PBXFileReference; lastKnownFileType = text.man; path = cl.1; sourceTree = "<group>"; };
/* End PBXFileReference section */

/* Begin PBXFrameworksBuildPhase section */
		520B155417C64C5100584B39 /* Frameworks */ = {
			isa = PBXFrameworksBuildPhase;
			buildActionMask = 2147483647;
			files = (
			);
			runOnlyForDeploymentPostprocessing = 0;
		};
/* End PBXFrameworksBuildPhase section */

/* Begin PBXGroup section */
		520B154E17C64C5100584B39 = {
			isa = PBXGroup;
			children = (
				520B155917C64C5100584B39 /* cl */,
				520B155817C64C5100584B39 /* Products */,
			);
			sourceTree = "<group>";
		};
		520B155817C64C5100584B39 /* Products */ = {
			isa = PBXGroup;
			children = (
				520B155717C64C5100584B39 /* cl */,
			);
			name = Products;
			sourceTree = "<group>";
		};
		520B155917C64C5100584B39 /* cl */ = {
			isa = PBXGroup;
			children = (
				520B155A17C64C5100584B39 /* main.c */,
				520B155C17C64C5100584B39 /* cl.1 */,
			);
			path = cl;
			sourceTree = "<group>";
		};
/* End PBXGroup section */

/* Begin PBXNativeTarget section */
		520B155617C64C5100584B39 /* cl */ = {
			isa = PBXNativeTarget;
			buildConfigurationList = 520B156017C64C5100584B39 /* Build configuration list for PBXNativeTarget "cl" */;
			buildPhases = (
				520B155317C64C5100584B39 /* Sources */,
				520B155417C64C5100584B39 /* Frameworks */,
				520B155517C64C5100584B39 /* CopyFiles */,
			);
			buildRules = (
			);
			dependencies = (
			);
			name = cl;
			productName = cl;
			productReference = 520B155717C64C5100584B39 /* cl */;
			productType = "com.apple.product-type.tool";
		};
/* End PBXNativeTarget section */

/* Begin PBXProject section */
		520B154F17C64C5100584B39 /* Project object */ = {
			isa = PBXProject;
			attributes = {
				LastUpgradeCheck = 0460;
				ORGANIZATIONNAME = simultechnology;
			};
			buildConfigurationList = 520B155217C64C5100584B39 /* Build configuration list for PBXProject "cl" */;
			compatibilityVersion = "Xcode 3.2";
			developmentRegion = English;
			hasScannedForEncodings = 0;
			knownRegions = (
				en,
			);
			mainGroup = 520B154E17C64C5100584B39;
			productRefGroup = 520B155817C64C5100584B39 /* Products */;
			projectDirPath = "";
			projectRoot = "";
			targets = (
				520B155617C64C5100584B39 /* cl */,
			);
		};
/* End PBXProject section */

/* Begin PBXSourcesBuildPhase section */
		520B155317C64C5100584B39 /* Sources */ = {
			isa = PBXSourcesBuildPhase;
			buildActionMask = 2147483647;
			files = (
				520B155B17C64C5100584B39 /* main.c in Sources */,
			);
			runOnlyForDeploymentPostprocessing = 0;
		};
/* End PBXSourcesBuildPhase section */

/* Begin XCBuildConfiguration section */
		520B155E17C64C5100584B39 /* Debug */ = {
			isa = XCBuildConfiguration;
			buildSettings = {
				ALWAYS_SEARCH_USER_PATHS = NO;
				ARCHS = "$(ARCHS_STANDARD_64_BIT)";
				CLANG_CXX_LANGUAGE_STANDARD = "gnu++0x";
				CLANG_CXX_LIBRARY = "libc++";
				CLANG_WARN_CONSTANT_CONVERSION = YES;
				CLANG_WARN_EMPTY_BODY = YES;
				CLANG_WARN_ENUM_CONVERSION = YES;
				CLANG_WARN_INT_CONVERSION = YES;
				CLANG_WARN__DUPLICATE_METHOD_MATCH = YES;
				COPY_PHASE_STRIP = NO;
				GCC_C_LANGUAGE_STANDARD = gnu99;
				GCC_DYNAMIC_NO_PIC = NO;
				GCC_ENABLE_OBJC_EXCEPTIONS = YES;
				GCC_OPTIMIZATION_LEVEL = 0;
				GCC_PREPROCESSOR_DEFINITIONS = (
					"DEBUG=1",
					"$(inherited)",
				);
				GCC_SYMBOLS_PRIVATE_EXTERN = NO;
				GCC_WARN_64_TO_32_BIT_CONVERSION = YES;
				GCC_WARN_ABOUT_RETURN_TYPE = YES;
				GCC_WARN_UNINITIALIZED_AUTOS = YES;
				GCC_WARN_UNUSED_VARIABLE = YES;
				MACOSX_DEPLOYMENT_TARGET = 10.8;
				ONLY_ACTIVE_ARCH = YES;
				SDKROOT = macosx;
			};
			name = Debug;
		};
		520B155F17C64C5100584B39 /* Release */ = {
			isa = XCBuildConfiguration;
			buildSettings = {
				ALWAYS_SEARCH_USER_PATHS = NO;
				ARCHS = "$(ARCHS_STANDARD_64_BIT)";
				CLANG_CXX_LANGUAGE_STANDARD = "gnu++0x";
				CLANG_CXX_LIBRARY = "libc++";
				CLANG_WARN_CONSTANT_CONVERSION = YES;
				CLANG_WARN_EMPTY_BODY = YES;
				CLANG_WARN_ENUM_CONVERSION = YES;
				CLANG_WARN_INT_CONVERSION = YES;
				CLANG_WARN__DUPLICATE_METHOD_MATCH = YES;
				COPY_PHASE_STRIP = YES;
				DEBUG_INFORMATION_FORMAT = "dwarf-with-dsym";
				GCC_C_LANGUAGE_STANDARD = gnu99;
				GCC_ENABLE_OBJC_EXCEPTIONS = YES;
				GCC_WARN_64_TO_32_BIT_CONVERSION = YES;
				GCC_WARN_ABOUT_RETURN_TYPE = YES;
				GCC_WARN_UNINITIALIZED_AUTOS = YES;
				GCC_WARN_UNUSED_VARIABLE = YES;
				MACOSX_DEPLOYMENT_TARGET = 10.8;
				SDKROOT = macosx;
			};
			name = Release;
		};
		520B156117C64C5100584B39 /* Debug */ = {
			isa = XCBuildConfiguration;
			buildSettings = {
				PRODUCT_NAME = "$(TARGET_NAME)";
			};
			name = Debug;
		};
		520B156217C64C5100584B39 /* Release */ = {
			isa = XCBuildConfiguration;
			buildSettings = {
				PRODUCT_NAME = "$(TARGET_NAME)";
			};
			name = Release;
		};
/* End XCBuildConfiguration section */

/* Begin XCConfigurationList section */
		520B155217C64C5100584B39 /* Build configuration list for PBXProject "cl" */ = {
			isa = XCConfigurationList;
			buildConfigurations = (
				520B155E17C64C5100584B39 /* Debug */,
				520B155F17C64C5100584B39 /* Release */,
			);
			defaultConfigurationIsVisible = 0;
			defaultConfigurationName = Release;
		};
		520B156017C64C5100584B39 /* Build configuration list for PBXNativeTarget "cl" */ = {
			isa = XCConfigurationList;
			buildConfigurations = (
				520B156117C64C5100584B39 /* Debug */,
				520B156217C64C5100584B39 /* Release */,
			);
			defaultConfigurationIsVisible = 0;
			defaultConfigurationName = Release;
		};
/* End XCConfigurationList section */
	};
	rootObject = 520B154F17C64C5100584B39 /* Project object */;
}
