// !$*UTF8*$!
{
	archiveVersion = 1;
	classes = {
	};
	objectVersion = 46;
	objects = {

/* Begin PBXBuildFile section */
		52634AE917C65EDF00DE9CA9 /* main.c in Sources */ = {isa = PBXBuildFile; fileRef = 52634AE817C65EDF00DE9CA9 /* main.c */; };
		52634AEB17C65EDF00DE9CA9 /* testpointer.1 in CopyFiles */ = {isa = PBXBuildFile; fileRef = 52634AEA17C65EDF00DE9CA9 /* testpointer.1 */; };
/* End PBXBuildFile section */

/* Begin PBXCopyFilesBuildPhase section */
		52634AE317C65EDF00DE9CA9 /* CopyFiles */ = {
			isa = PBXCopyFilesBuildPhase;
			buildActionMask = 2147483647;
			dstPath = /usr/share/man/man1/;
			dstSubfolderSpec = 0;
			files = (
				52634AEB17C65EDF00DE9CA9 /* testpointer.1 in CopyFiles */,
			);
			runOnlyForDeploymentPostprocessing = 1;
		};
/* End PBXCopyFilesBuildPhase section */

/* Begin PBXFileReference section */
		52634AE517C65EDF00DE9CA9 /* testpointer */ = {isa = PBXFileReference; explicitFileType = "compiled.mach-o.executable"; includeInIndex = 0; path = testpointer; sourceTree = BUILT_PRODUCTS_DIR; };
		52634AE817C65EDF00DE9CA9 /* main.c */ = {isa = PBXFileReference; lastKnownFileType = sourcecode.c.c; path = main.c; sourceTree = "<group>"; };
		52634AEA17C65EDF00DE9CA9 /* testpointer.1 */ = {isa = PBXFileReference; lastKnownFileType = text.man; path = testpointer.1; sourceTree = "<group>"; };
/* End PBXFileReference section */

/* Begin PBXFrameworksBuildPhase section */
		52634AE217C65EDF00DE9CA9 /* Frameworks */ = {
			isa = PBXFrameworksBuildPhase;
			buildActionMask = 2147483647;
			files = (
			);
			runOnlyForDeploymentPostprocessing = 0;
		};
/* End PBXFrameworksBuildPhase section */

/* Begin PBXGroup section */
		52634ADC17C65EDF00DE9CA9 = {
			isa = PBXGroup;
			children = (
				52634AE717C65EDF00DE9CA9 /* testpointer */,
				52634AE617C65EDF00DE9CA9 /* Products */,
			);
			sourceTree = "<group>";
		};
		52634AE617C65EDF00DE9CA9 /* Products */ = {
			isa = PBXGroup;
			children = (
				52634AE517C65EDF00DE9CA9 /* testpointer */,
			);
			name = Products;
			sourceTree = "<group>";
		};
		52634AE717C65EDF00DE9CA9 /* testpointer */ = {
			isa = PBXGroup;
			children = (
				52634AE817C65EDF00DE9CA9 /* main.c */,
				52634AEA17C65EDF00DE9CA9 /* testpointer.1 */,
			);
			path = testpointer;
			sourceTree = "<group>";
		};
/* End PBXGroup section */

/* Begin PBXNativeTarget section */
		52634AE417C65EDF00DE9CA9 /* testpointer */ = {
			isa = PBXNativeTarget;
			buildConfigurationList = 52634AEE17C65EDF00DE9CA9 /* Build configuration list for PBXNativeTarget "testpointer" */;
			buildPhases = (
				52634AE117C65EDF00DE9CA9 /* Sources */,
				52634AE217C65EDF00DE9CA9 /* Frameworks */,
				52634AE317C65EDF00DE9CA9 /* CopyFiles */,
			);
			buildRules = (
			);
			dependencies = (
			);
			name = testpointer;
			productName = testpointer;
			productReference = 52634AE517C65EDF00DE9CA9 /* testpointer */;
			productType = "com.apple.product-type.tool";
		};
/* End PBXNativeTarget section */

/* Begin PBXProject section */
		52634ADD17C65EDF00DE9CA9 /* Project object */ = {
			isa = PBXProject;
			attributes = {
				LastUpgradeCheck = 0460;
				ORGANIZATIONNAME = simultechnology;
			};
			buildConfigurationList = 52634AE017C65EDF00DE9CA9 /* Build configuration list for PBXProject "testpointer" */;
			compatibilityVersion = "Xcode 3.2";
			developmentRegion = English;
			hasScannedForEncodings = 0;
			knownRegions = (
				en,
			);
			mainGroup = 52634ADC17C65EDF00DE9CA9;
			productRefGroup = 52634AE617C65EDF00DE9CA9 /* Products */;
			projectDirPath = "";
			projectRoot = "";
			targets = (
				52634AE417C65EDF00DE9CA9 /* testpointer */,
			);
		};
/* End PBXProject section */

/* Begin PBXSourcesBuildPhase section */
		52634AE117C65EDF00DE9CA9 /* Sources */ = {
			isa = PBXSourcesBuildPhase;
			buildActionMask = 2147483647;
			files = (
				52634AE917C65EDF00DE9CA9 /* main.c in Sources */,
			);
			runOnlyForDeploymentPostprocessing = 0;
		};
/* End PBXSourcesBuildPhase section */

/* Begin XCBuildConfiguration section */
		52634AEC17C65EDF00DE9CA9 /* Debug */ = {
			isa = XCBuildConfiguration;
			buildSettings = {
				ALWAYS_SEARCH_USER_PATHS = NO;
				ARCHS = "$(ARCHS_STANDARD_64_BIT)";
				CLANG_CXX_LANGUAGE_STANDARD = "gnu++0x";
				CLANG_CXX_LIBRARY = "libc++";
				CLANG_WARN_CONSTANT_CONVERSION = YES;
				CLANG_WARN_EMPTY_BODY = YES;
				CLANG_WARN_ENUM_CONVERSION = YES;
				CLANG_WARN_INT_CONVERSION = YES;
				CLANG_WARN__DUPLICATE_METHOD_MATCH = YES;
				COPY_PHASE_STRIP = NO;
				GCC_C_LANGUAGE_STANDARD = gnu99;
				GCC_DYNAMIC_NO_PIC = NO;
				GCC_ENABLE_OBJC_EXCEPTIONS = YES;
				GCC_OPTIMIZATION_LEVEL = 0;
				GCC_PREPROCESSOR_DEFINITIONS = (
					"DEBUG=1",
					"$(inherited)",
				);
				GCC_SYMBOLS_PRIVATE_EXTERN = NO;
				GCC_WARN_64_TO_32_BIT_CONVERSION = YES;
				GCC_WARN_ABOUT_RETURN_TYPE = YES;
				GCC_WARN_UNINITIALIZED_AUTOS = YES;
				GCC_WARN_UNUSED_VARIABLE = YES;
				MACOSX_DEPLOYMENT_TARGET = 10.8;
				ONLY_ACTIVE_ARCH = YES;
				SDKROOT = macosx;
			};
			name = Debug;
		};
		52634AED17C65EDF00DE9CA9 /* Release */ = {
			isa = XCBuildConfiguration;
			buildSettings = {
				ALWAYS_SEARCH_USER_PATHS = NO;
				ARCHS = "$(ARCHS_STANDARD_64_BIT)";
				CLANG_CXX_LANGUAGE_STANDARD = "gnu++0x";
				CLANG_CXX_LIBRARY = "libc++";
				CLANG_WARN_CONSTANT_CONVERSION = YES;
				CLANG_WARN_EMPTY_BODY = YES;
				CLANG_WARN_ENUM_CONVERSION = YES;
				CLANG_WARN_INT_CONVERSION = YES;
				CLANG_WARN__DUPLICATE_METHOD_MATCH = YES;
				COPY_PHASE_STRIP = YES;
				DEBUG_INFORMATION_FORMAT = "dwarf-with-dsym";
				GCC_C_LANGUAGE_STANDARD = gnu99;
				GCC_ENABLE_OBJC_EXCEPTIONS = YES;
				GCC_WARN_64_TO_32_BIT_CONVERSION = YES;
				GCC_WARN_ABOUT_RETURN_TYPE = YES;
				GCC_WARN_UNINITIALIZED_AUTOS = YES;
				GCC_WARN_UNUSED_VARIABLE = YES;
				MACOSX_DEPLOYMENT_TARGET = 10.8;
				SDKROOT = macosx;
			};
			name = Release;
		};
		52634AEF17C65EDF00DE9CA9 /* Debug */ = {
			isa = XCBuildConfiguration;
			buildSettings = {
				PRODUCT_NAME = "$(TARGET_NAME)";
			};
			name = Debug;
		};
		52634AF017C65EDF00DE9CA9 /* Release */ = {
			isa = XCBuildConfiguration;
			buildSettings = {
				PRODUCT_NAME = "$(TARGET_NAME)";
			};
			name = Release;
		};
/* End XCBuildConfiguration section */

/* Begin XCConfigurationList section */
		52634AE017C65EDF00DE9CA9 /* Build configuration list for PBXProject "testpointer" */ = {
			isa = XCConfigurationList;
			buildConfigurations = (
				52634AEC17C65EDF00DE9CA9 /* Debug */,
				52634AED17C65EDF00DE9CA9 /* Release */,
			);
			defaultConfigurationIsVisible = 0;
			defaultConfigurationName = Release;
		};
		52634AEE17C65EDF00DE9CA9 /* Build configuration list for PBXNativeTarget "testpointer" */ = {
			isa = XCConfigurationList;
			buildConfigurations = (
				52634AEF17C65EDF00DE9CA9 /* Debug */,
				52634AF017C65EDF00DE9CA9 /* Release */,
			);
			defaultConfigurationIsVisible = 0;
		};
/* End XCConfigurationList section */
	};
	rootObject = 52634ADD17C65EDF00DE9CA9 /* Project object */;
}
